
Microsoft Visual Studio Solution File, Format Version 12.00
# Visual Studio Version 17
VisualStudioVersion = 17.9.34701.34
MinimumVisualStudioVersion = 10.0.40219.1
Project("{FAE04EC0-301F-11D3-BF4B-00C04F79EFBC}") = "MyTestProject", "MyTestProject.csproj", "{7633A7F8-F3DF-43C0-8556-F603808FDAAA}"
EndProject
Global
	GlobalSection(SolutionConfigurationPlatforms) = preSolution
		Debug|Any CPU = Debug|Any CPU
		Release|Any CPU = Release|Any CPU
	EndGlobalSection
	GlobalSection(ProjectConfigurationPlatforms) = postSolution
		{7633A7F8-F3DF-43C0-8556-F603808FDAAA}.Debug|Any CPU.ActiveCfg = Debug|Any CPU
		{7633A7F8-F3DF-43C0-8556-F603808FDAAA}.Debug|Any CPU.Build.0 = Debug|Any CPU
		{7633A7F8-F3DF-43C0-8556-F603808FDAAA}.Release|Any CPU.ActiveCfg = Release|Any CPU
		{7633A7F8-F3DF-43C0-8556-F603808FDAAA}.Release|Any CPU.Build.0 = Release|Any CPU
	EndGlobalSection
	GlobalSection(SolutionProperties) = preSolution
		HideSolutionNode = FALSE
	EndGlobalSection
	GlobalSection(ExtensibilityGlobals) = postSolution
		SolutionGuid = {C2BBD65C-5145-4F9C-BCEA-EC1A3B95A956}
	EndGlobalSection
EndGlobal
